
Microsoft Visual Studio Solution File, Format Version 12.00
# Visual Studio Version 17
VisualStudioVersion = 17.9.34723.18
MinimumVisualStudioVersion = 10.0.40219.1
Project("{FAE04EC0-301F-11D3-BF4B-00C04F79EFBC}") = "MauiPages", "MauiPages\MauiPages.csproj", "{D53419E7-1F92-4948-BE68-ED004C1D0D78}"
EndProject
Global
	GlobalSection(SolutionConfigurationPlatforms) = preSolution
		Debug|Any CPU = Debug|Any CPU
		Release|Any CPU = Release|Any CPU
	EndGlobalSection
	GlobalSection(ProjectConfigurationPlatforms) = postSolution
		{D53419E7-1F92-4948-BE68-ED004C1D0D78}.Debug|Any CPU.ActiveCfg = Debug|Any CPU
		{D53419E7-1F92-4948-BE68-ED004C1D0D78}.Debug|Any CPU.Build.0 = Debug|Any CPU
		{D53419E7-1F92-4948-BE68-ED004C1D0D78}.Debug|Any CPU.Deploy.0 = Debug|Any CPU
		{D53419E7-1F92-4948-BE68-ED004C1D0D78}.Release|Any CPU.ActiveCfg = Release|Any CPU
		{D53419E7-1F92-4948-BE68-ED004C1D0D78}.Release|Any CPU.Build.0 = Release|Any CPU
		{D53419E7-1F92-4948-BE68-ED004C1D0D78}.Release|Any CPU.Deploy.0 = Release|Any CPU
	EndGlobalSection
	GlobalSection(SolutionProperties) = preSolution
		HideSolutionNode = FALSE
	EndGlobalSection
	GlobalSection(ExtensibilityGlobals) = postSolution
		SolutionGuid = {0C99D1C7-08FD-4A95-9EFD-D2B44A7A8341}
	EndGlobalSection
EndGlobal
